
Microsoft Visual Studio Solution File, Format Version 12.00
# Visual Studio 15
VisualStudioVersion = 15.0.28307.168
MinimumVisualStudioVersion = 10.0.40219.1
Project("{FAE04EC0-301F-11D3-BF4B-00C04F79EFBC}") = "UpworkProject", "UpworkProject\UpworkProject.csproj", "{3314F512-1AE2-46C2-AC94-B7D88C7ABDF7}"
EndProject
Global
	GlobalSection(SolutionConfigurationPlatforms) = preSolution
		Debug|Any CPU = Debug|Any CPU
		Release|Any CPU = Release|Any CPU
	EndGlobalSection
	GlobalSection(ProjectConfigurationPlatforms) = postSolution
		{3314F512-1AE2-46C2-AC94-B7D88C7ABDF7}.Debug|Any CPU.ActiveCfg = Debug|Any CPU
		{3314F512-1AE2-46C2-AC94-B7D88C7ABDF7}.Debug|Any CPU.Build.0 = Debug|Any CPU
		{3314F512-1AE2-46C2-AC94-B7D88C7ABDF7}.Release|Any CPU.ActiveCfg = Release|Any CPU
		{3314F512-1AE2-46C2-AC94-B7D88C7ABDF7}.Release|Any CPU.Build.0 = Release|Any CPU
	EndGlobalSection
	GlobalSection(SolutionProperties) = preSolution
		HideSolutionNode = FALSE
	EndGlobalSection
	GlobalSection(ExtensibilityGlobals) = postSolution
		SolutionGuid = {B68764B1-4823-47A8-B433-16B429C7C74E}
	EndGlobalSection
EndGlobal
